// !$*UTF8*$!
{
	archiveVersion = 1;
	classes = {
	};
	objectVersion = 56;
	objects = {

/* Begin PBXBuildFile section */
		6372509428FFC7F700117CF8 /* PlayerState.swift in Sources */ = {isa = PBXBuildFile; fileRef = 6372509328FFC7F700117CF8 /* PlayerState.swift */; };
		637DB203293CEA2C007B755C /* Garage.storyboard in Resources */ = {isa = PBXBuildFile; fileRef = 637DB202293CEA2C007B755C /* Garage.storyboard */; };
		637DB205293CEA3E007B755C /* GarageViewController.swift in Sources */ = {isa = PBXBuildFile; fileRef = 637DB204293CEA3E007B755C /* GarageViewController.swift */; };
		637DB208293CF5D1007B755C /* PlayerCollectionCell.swift in Sources */ = {isa = PBXBuildFile; fileRef = 637DB206293CF5D1007B755C /* PlayerCollectionCell.swift */; };
		637DB209293CF5D1007B755C /* PlayerCollectionCell.xib in Resources */ = {isa = PBXBuildFile; fileRef = 637DB207293CF5D1007B755C /* PlayerCollectionCell.xib */; };
		63831BCC2952E2FF00CB358E /* RewardSound.wav in Resources */ = {isa = PBXBuildFile; fileRef = 63831BC42952E2FF00CB358E /* RewardSound.wav */; };
		63831BCD2952E2FF00CB358E /* ButtonSound.wav in Resources */ = {isa = PBXBuildFile; fileRef = 63831BC52952E2FF00CB358E /* ButtonSound.wav */; };
		63831BCE2952E2FF00CB358E /* InGameMusic.wav in Resources */ = {isa = PBXBuildFile; fileRef = 63831BC62952E2FF00CB358E /* InGameMusic.wav */; };
		63831BCF2952E2FF00CB358E /* ArrivalSound.wav in Resources */ = {isa = PBXBuildFile; fileRef = 63831BC72952E2FF00CB358E /* ArrivalSound.wav */; };
		63831BD02952E2FF00CB358E /* BackgroundMusic.wav in Resources */ = {isa = PBXBuildFile; fileRef = 63831BC82952E2FF00CB358E /* BackgroundMusic.wav */; };
		63831BD12952E2FF00CB358E /* SoundEffectOnSound.wav in Resources */ = {isa = PBXBuildFile; fileRef = 63831BC92952E2FF00CB358E /* SoundEffectOnSound.wav */; };
		63831BD22952E2FF00CB358E /* GetItemSound.wav in Resources */ = {isa = PBXBuildFile; fileRef = 63831BCA2952E2FF00CB358E /* GetItemSound.wav */; };
		63831BD32952E2FF00CB358E /* GameOnSound.wav in Resources */ = {isa = PBXBuildFile; fileRef = 63831BCB2952E2FF00CB358E /* GameOnSound.wav */; };
		638D9B2B292B46750024E821 /* QuestTableCell.swift in Sources */ = {isa = PBXBuildFile; fileRef = 638D9B29292B46750024E821 /* QuestTableCell.swift */; };
		638D9B2C292B46750024E821 /* QuestTableCell.xib in Resources */ = {isa = PBXBuildFile; fileRef = 638D9B2A292B46750024E821 /* QuestTableCell.xib */; };
		638D9B2F292B93260024E821 /* Quest.swift in Sources */ = {isa = PBXBuildFile; fileRef = 638D9B2E292B93260024E821 /* Quest.swift */; };
		639553FC2935B49300E3DECA /* Setting.swift in Sources */ = {isa = PBXBuildFile; fileRef = 639553FB2935B49300E3DECA /* Setting.swift */; };
		639553FE2935B50200E3DECA /* PlayerSkin.swift in Sources */ = {isa = PBXBuildFile; fileRef = 639553FD2935B50200E3DECA /* PlayerSkin.swift */; };
		639554002935BC8D00E3DECA /* UserDafultData.swift in Sources */ = {isa = PBXBuildFile; fileRef = 639553FF2935BC8D00E3DECA /* UserDafultData.swift */; };
		6396605229233CD30002E6B2 /* SettingView.xib in Resources */ = {isa = PBXBuildFile; fileRef = 6396605129233CD30002E6B2 /* SettingView.xib */; };
		6396605429233D3E0002E6B2 /* SettingView.swift in Sources */ = {isa = PBXBuildFile; fileRef = 6396605329233D3E0002E6B2 /* SettingView.swift */; };
		6396605B2923633E0002E6B2 /* UIkitDocument in Resources */ = {isa = PBXBuildFile; fileRef = 6396605A2923633E0002E6B2 /* UIkitDocument */; };
		63D689E52906E4BF001748CE /* SpriteDocument in Resources */ = {isa = PBXBuildFile; fileRef = 63D689E42906E4BF001748CE /* SpriteDocument */; };
		63DC0EAB28F5863100B145B9 /* GameViewController.swift in Sources */ = {isa = PBXBuildFile; fileRef = 63DC0EAA28F5863100B145B9 /* GameViewController.swift */; };
		6F28EEA128F5444600D7330F /* AppDelegate.swift in Sources */ = {isa = PBXBuildFile; fileRef = 6F28EEA028F5444600D7330F /* AppDelegate.swift */; };
		6F28EEA328F5444600D7330F /* RobbyViewController.swift in Sources */ = {isa = PBXBuildFile; fileRef = 6F28EEA228F5444600D7330F /* RobbyViewController.swift */; };
		6F28EEA628F5444600D7330F /* Robby.storyboard in Resources */ = {isa = PBXBuildFile; fileRef = 6F28EEA428F5444600D7330F /* Robby.storyboard */; };
		6F28EEA928F5444600D7330F /* LaunchScreen.storyboard in Resources */ = {isa = PBXBuildFile; fileRef = 6F28EEA728F5444600D7330F /* LaunchScreen.storyboard */; };
		6F28EEAA28F5444600D7330F /* Actions.sks in Resources */ = {isa = PBXBuildFile; fileRef = 6F28EE9528F5444500D7330F /* Actions.sks */; };
		6F28EEAB28F5444600D7330F /* Stage1.sks in Resources */ = {isa = PBXBuildFile; fileRef = 6F28EE9628F5444500D7330F /* Stage1.sks */; };
		6F28EEAC28F5444600D7330F /* GameScene.swift in Sources */ = {isa = PBXBuildFile; fileRef = 6F28EE9728F5444500D7330F /* GameScene.swift */; };
		6F28EEAD28F5444600D7330F /* Assets.xcassets in Resources */ = {isa = PBXBuildFile; fileRef = 6F28EE9828F5444600D7330F /* Assets.xcassets */; };
		6F2E1D9A2924BB2500CAE76E /* StageCell.swift in Sources */ = {isa = PBXBuildFile; fileRef = 6F2E1D992924BB2500CAE76E /* StageCell.swift */; };
		6F2F6C2028FB3A9B000B9507 /* StageViewController.swift in Sources */ = {isa = PBXBuildFile; fileRef = 6F2F6C1F28FB3A9B000B9507 /* StageViewController.swift */; };
		6F4B8BD4291E26D5000990EA /* Stage.storyboard in Resources */ = {isa = PBXBuildFile; fileRef = 6F4B8BD3291E26D5000990EA /* Stage.storyboard */; };
		6F4B8BD8291E2E99000990EA /* Game.storyboard in Resources */ = {isa = PBXBuildFile; fileRef = 6F4B8BD7291E2E99000990EA /* Game.storyboard */; };
		6F5D4AB4292CA69C00572DC0 /* Stage.swift in Sources */ = {isa = PBXBuildFile; fileRef = 6F5D4AB3292CA69C00572DC0 /* Stage.swift */; };
		6F67B4F029012B2C0016106A /* BackgroundTileSet.sks in Resources */ = {isa = PBXBuildFile; fileRef = 6F67B4EF29012B2C0016106A /* BackgroundTileSet.sks */; };
		6F725D00293F21FE00971BCC /* Stage1.swift in Sources */ = {isa = PBXBuildFile; fileRef = 6F725CFF293F21FE00971BCC /* Stage1.swift */; };
		6F965E15293919640048334B /* Custom.swift in Sources */ = {isa = PBXBuildFile; fileRef = 6F965E14293919640048334B /* Custom.swift */; };
		6FA60FAF28F69431003846EF /* Color.swift in Sources */ = {isa = PBXBuildFile; fileRef = 6FA60FAE28F69431003846EF /* Color.swift */; };
		6FB1167A2945E14A00D1E604 /* Stage3.swift in Sources */ = {isa = PBXBuildFile; fileRef = 6FB116792945E14A00D1E604 /* Stage3.swift */; };
		6FB1167C2945E15100D1E604 /* Stage4.swift in Sources */ = {isa = PBXBuildFile; fileRef = 6FB1167B2945E15100D1E604 /* Stage4.swift */; };
		6FB1167E2945E15A00D1E604 /* Stage5.swift in Sources */ = {isa = PBXBuildFile; fileRef = 6FB1167D2945E15A00D1E604 /* Stage5.swift */; };
		6FB116802945E18700D1E604 /* Stage3.sks in Resources */ = {isa = PBXBuildFile; fileRef = 6FB1167F2945E18700D1E604 /* Stage3.sks */; };
		6FB116822945E19600D1E604 /* Stage4.sks in Resources */ = {isa = PBXBuildFile; fileRef = 6FB116812945E19600D1E604 /* Stage4.sks */; };
		6FB116842945E1A200D1E604 /* Stage5.sks in Resources */ = {isa = PBXBuildFile; fileRef = 6FB116832945E1A200D1E604 /* Stage5.sks */; };
		6FB2319F28F7E6E8002F814D /* BMJUA_otf.otf in Resources */ = {isa = PBXBuildFile; fileRef = 6FB2319E28F7E6E8002F814D /* BMJUA_otf.otf */; };
		6FB79CB9293F322A00823407 /* Stage2.swift in Sources */ = {isa = PBXBuildFile; fileRef = 6FB79CB8293F322A00823407 /* Stage2.swift */; };
		6FB79CBB293F326600823407 /* Stage2.sks in Resources */ = {isa = PBXBuildFile; fileRef = 6FB79CBA293F326600823407 /* Stage2.sks */; };
		6FBFE15329390D9200A1927D /* Sound.swift in Sources */ = {isa = PBXBuildFile; fileRef = 6FBFE15229390D9200A1927D /* Sound.swift */; };
		6FE9943D29123850004753BA /* HUD.swift in Sources */ = {isa = PBXBuildFile; fileRef = 6FE9943C29123850004753BA /* HUD.swift */; };
		6FF3371B29309CC700D04BDB /* QuestView.swift in Sources */ = {isa = PBXBuildFile; fileRef = 6FF3371A29309CC700D04BDB /* QuestView.swift */; };
		6FF3371D29309CD700D04BDB /* QuestView.xib in Resources */ = {isa = PBXBuildFile; fileRef = 6FF3371C29309CD700D04BDB /* QuestView.xib */; };
/* End PBXBuildFile section */

/* Begin PBXFileReference section */
		6372509328FFC7F700117CF8 /* PlayerState.swift */ = {isa = PBXFileReference; lastKnownFileType = sourcecode.swift; path = PlayerState.swift; sourceTree = "<group>"; };
		637DB202293CEA2C007B755C /* Garage.storyboard */ = {isa = PBXFileReference; lastKnownFileType = file.storyboard; path = Garage.storyboard; sourceTree = "<group>"; };
		637DB204293CEA3E007B755C /* GarageViewController.swift */ = {isa = PBXFileReference; lastKnownFileType = sourcecode.swift; path = GarageViewController.swift; sourceTree = "<group>"; };
		637DB206293CF5D1007B755C /* PlayerCollectionCell.swift */ = {isa = PBXFileReference; lastKnownFileType = sourcecode.swift; path = PlayerCollectionCell.swift; sourceTree = "<group>"; };
		637DB207293CF5D1007B755C /* PlayerCollectionCell.xib */ = {isa = PBXFileReference; lastKnownFileType = file.xib; path = PlayerCollectionCell.xib; sourceTree = "<group>"; };
		63831BC42952E2FF00CB358E /* RewardSound.wav */ = {isa = PBXFileReference; lastKnownFileType = audio.wav; path = RewardSound.wav; sourceTree = "<group>"; };
		63831BC52952E2FF00CB358E /* ButtonSound.wav */ = {isa = PBXFileReference; lastKnownFileType = audio.wav; path = ButtonSound.wav; sourceTree = "<group>"; };
		63831BC62952E2FF00CB358E /* InGameMusic.wav */ = {isa = PBXFileReference; lastKnownFileType = audio.wav; path = InGameMusic.wav; sourceTree = "<group>"; };
		63831BC72952E2FF00CB358E /* ArrivalSound.wav */ = {isa = PBXFileReference; lastKnownFileType = audio.wav; path = ArrivalSound.wav; sourceTree = "<group>"; };
		63831BC82952E2FF00CB358E /* BackgroundMusic.wav */ = {isa = PBXFileReference; lastKnownFileType = audio.wav; path = BackgroundMusic.wav; sourceTree = "<group>"; };
		63831BC92952E2FF00CB358E /* SoundEffectOnSound.wav */ = {isa = PBXFileReference; lastKnownFileType = audio.wav; path = SoundEffectOnSound.wav; sourceTree = "<group>"; };
		63831BCA2952E2FF00CB358E /* GetItemSound.wav */ = {isa = PBXFileReference; lastKnownFileType = audio.wav; path = GetItemSound.wav; sourceTree = "<group>"; };
		63831BCB2952E2FF00CB358E /* GameOnSound.wav */ = {isa = PBXFileReference; lastKnownFileType = audio.wav; path = GameOnSound.wav; sourceTree = "<group>"; };
		638D9B29292B46750024E821 /* QuestTableCell.swift */ = {isa = PBXFileReference; lastKnownFileType = sourcecode.swift; path = QuestTableCell.swift; sourceTree = "<group>"; };
		638D9B2A292B46750024E821 /* QuestTableCell.xib */ = {isa = PBXFileReference; lastKnownFileType = file.xib; path = QuestTableCell.xib; sourceTree = "<group>"; };
		638D9B2E292B93260024E821 /* Quest.swift */ = {isa = PBXFileReference; lastKnownFileType = sourcecode.swift; path = Quest.swift; sourceTree = "<group>"; };
		639553FB2935B49300E3DECA /* Setting.swift */ = {isa = PBXFileReference; lastKnownFileType = sourcecode.swift; path = Setting.swift; sourceTree = "<group>"; };
		639553FD2935B50200E3DECA /* PlayerSkin.swift */ = {isa = PBXFileReference; lastKnownFileType = sourcecode.swift; path = PlayerSkin.swift; sourceTree = "<group>"; };
		639553FF2935BC8D00E3DECA /* UserDafultData.swift */ = {isa = PBXFileReference; lastKnownFileType = sourcecode.swift; path = UserDafultData.swift; sourceTree = "<group>"; };
		6396605129233CD30002E6B2 /* SettingView.xib */ = {isa = PBXFileReference; lastKnownFileType = file.xib; path = SettingView.xib; sourceTree = "<group>"; };
		6396605329233D3E0002E6B2 /* SettingView.swift */ = {isa = PBXFileReference; lastKnownFileType = sourcecode.swift; path = SettingView.swift; sourceTree = "<group>"; };
		6396605A2923633E0002E6B2 /* UIkitDocument */ = {isa = PBXFileReference; lastKnownFileType = text; path = UIkitDocument; sourceTree = "<group>"; };
		63D689E42906E4BF001748CE /* SpriteDocument */ = {isa = PBXFileReference; lastKnownFileType = text; path = SpriteDocument; sourceTree = "<group>"; };
		63DC0EAA28F5863100B145B9 /* GameViewController.swift */ = {isa = PBXFileReference; lastKnownFileType = sourcecode.swift; path = GameViewController.swift; sourceTree = "<group>"; };
		6F110C7A28F697F500F75C13 /* DeliveryRun-iOS-Info.plist */ = {isa = PBXFileReference; lastKnownFileType = text.plist; path = "DeliveryRun-iOS-Info.plist"; sourceTree = SOURCE_ROOT; };
		6F28EE9528F5444500D7330F /* Actions.sks */ = {isa = PBXFileReference; lastKnownFileType = file.sks; path = Actions.sks; sourceTree = "<group>"; };
		6F28EE9628F5444500D7330F /* Stage1.sks */ = {isa = PBXFileReference; lastKnownFileType = file.sks; path = Stage1.sks; sourceTree = "<group>"; };
		6F28EE9728F5444500D7330F /* GameScene.swift */ = {isa = PBXFileReference; lastKnownFileType = sourcecode.swift; path = GameScene.swift; sourceTree = "<group>"; };
		6F28EE9828F5444600D7330F /* Assets.xcassets */ = {isa = PBXFileReference; lastKnownFileType = folder.assetcatalog; path = Assets.xcassets; sourceTree = "<group>"; };
		6F28EE9D28F5444600D7330F /* DeliveryRun.app */ = {isa = PBXFileReference; explicitFileType = wrapper.application; includeInIndex = 0; path = DeliveryRun.app; sourceTree = BUILT_PRODUCTS_DIR; };
		6F28EEA028F5444600D7330F /* AppDelegate.swift */ = {isa = PBXFileReference; lastKnownFileType = sourcecode.swift; path = AppDelegate.swift; sourceTree = "<group>"; };
		6F28EEA228F5444600D7330F /* RobbyViewController.swift */ = {isa = PBXFileReference; lastKnownFileType = sourcecode.swift; path = RobbyViewController.swift; sourceTree = "<group>"; };
		6F28EEA528F5444600D7330F /* Base */ = {isa = PBXFileReference; lastKnownFileType = file.storyboard; name = Base; path = Base.lproj/Robby.storyboard; sourceTree = "<group>"; };
		6F28EEA828F5444600D7330F /* Base */ = {isa = PBXFileReference; lastKnownFileType = file.storyboard; name = Base; path = Base.lproj/LaunchScreen.storyboard; sourceTree = "<group>"; };
		6F2E1D992924BB2500CAE76E /* StageCell.swift */ = {isa = PBXFileReference; fileEncoding = 4; lastKnownFileType = sourcecode.swift; path = StageCell.swift; sourceTree = "<group>"; };
		6F2F6C1F28FB3A9B000B9507 /* StageViewController.swift */ = {isa = PBXFileReference; lastKnownFileType = sourcecode.swift; path = StageViewController.swift; sourceTree = "<group>"; };
		6F4B8BD3291E26D5000990EA /* Stage.storyboard */ = {isa = PBXFileReference; lastKnownFileType = file.storyboard; path = Stage.storyboard; sourceTree = "<group>"; };
		6F4B8BD7291E2E99000990EA /* Game.storyboard */ = {isa = PBXFileReference; lastKnownFileType = file.storyboard; path = Game.storyboard; sourceTree = "<group>"; };
		6F5D4AB3292CA69C00572DC0 /* Stage.swift */ = {isa = PBXFileReference; lastKnownFileType = sourcecode.swift; path = Stage.swift; sourceTree = "<group>"; };
		6F67B4EF29012B2C0016106A /* BackgroundTileSet.sks */ = {isa = PBXFileReference; lastKnownFileType = file.sks; path = BackgroundTileSet.sks; sourceTree = "<group>"; };
		6F725CFF293F21FE00971BCC /* Stage1.swift */ = {isa = PBXFileReference; lastKnownFileType = sourcecode.swift; path = Stage1.swift; sourceTree = "<group>"; };
		6F965E14293919640048334B /* Custom.swift */ = {isa = PBXFileReference; lastKnownFileType = sourcecode.swift; path = Custom.swift; sourceTree = "<group>"; };
		6FA60FAE28F69431003846EF /* Color.swift */ = {isa = PBXFileReference; lastKnownFileType = sourcecode.swift; path = Color.swift; sourceTree = "<group>"; };
		6FB116792945E14A00D1E604 /* Stage3.swift */ = {isa = PBXFileReference; lastKnownFileType = sourcecode.swift; path = Stage3.swift; sourceTree = "<group>"; };
		6FB1167B2945E15100D1E604 /* Stage4.swift */ = {isa = PBXFileReference; lastKnownFileType = sourcecode.swift; path = Stage4.swift; sourceTree = "<group>"; };
		6FB1167D2945E15A00D1E604 /* Stage5.swift */ = {isa = PBXFileReference; lastKnownFileType = sourcecode.swift; path = Stage5.swift; sourceTree = "<group>"; };
		6FB1167F2945E18700D1E604 /* Stage3.sks */ = {isa = PBXFileReference; lastKnownFileType = file.sks; path = Stage3.sks; sourceTree = "<group>"; };
		6FB116812945E19600D1E604 /* Stage4.sks */ = {isa = PBXFileReference; lastKnownFileType = file.sks; path = Stage4.sks; sourceTree = "<group>"; };
		6FB116832945E1A200D1E604 /* Stage5.sks */ = {isa = PBXFileReference; lastKnownFileType = file.sks; path = Stage5.sks; sourceTree = "<group>"; };
		6FB2319E28F7E6E8002F814D /* BMJUA_otf.otf */ = {isa = PBXFileReference; lastKnownFileType = file; path = BMJUA_otf.otf; sourceTree = "<group>"; };
		6FB79CB8293F322A00823407 /* Stage2.swift */ = {isa = PBXFileReference; lastKnownFileType = sourcecode.swift; path = Stage2.swift; sourceTree = "<group>"; };
		6FB79CBA293F326600823407 /* Stage2.sks */ = {isa = PBXFileReference; lastKnownFileType = file.sks; path = Stage2.sks; sourceTree = "<group>"; };
		6FBFE15229390D9200A1927D /* Sound.swift */ = {isa = PBXFileReference; fileEncoding = 4; lastKnownFileType = sourcecode.swift; path = Sound.swift; sourceTree = "<group>"; };
		6FE9943C29123850004753BA /* HUD.swift */ = {isa = PBXFileReference; lastKnownFileType = sourcecode.swift; path = HUD.swift; sourceTree = "<group>"; };
		6FF3371A29309CC700D04BDB /* QuestView.swift */ = {isa = PBXFileReference; lastKnownFileType = sourcecode.swift; path = QuestView.swift; sourceTree = "<group>"; };
		6FF3371C29309CD700D04BDB /* QuestView.xib */ = {isa = PBXFileReference; lastKnownFileType = file.xib; path = QuestView.xib; sourceTree = "<group>"; };
/* End PBXFileReference section */

/* Begin PBXFrameworksBuildPhase section */
		6F28EE9A28F5444600D7330F /* Frameworks */ = {
			isa = PBXFrameworksBuildPhase;
			buildActionMask = 2147483647;
			files = (
			);
			runOnlyForDeploymentPostprocessing = 0;
		};
/* End PBXFrameworksBuildPhase section */

/* Begin PBXGroup section */
		637DB201293CE8BC007B755C /* Garage */ = {
			isa = PBXGroup;
			children = (
				637DB202293CEA2C007B755C /* Garage.storyboard */,
				637DB204293CEA3E007B755C /* GarageViewController.swift */,
				637DB206293CF5D1007B755C /* PlayerCollectionCell.swift */,
				637DB207293CF5D1007B755C /* PlayerCollectionCell.xib */,
			);
			path = Garage;
			sourceTree = "<group>";
		};
		63831BC32952E2FF00CB358E /* Sounds */ = {
			isa = PBXGroup;
			children = (
				63831BC42952E2FF00CB358E /* RewardSound.wav */,
				63831BC52952E2FF00CB358E /* ButtonSound.wav */,
				63831BC62952E2FF00CB358E /* InGameMusic.wav */,
				63831BC72952E2FF00CB358E /* ArrivalSound.wav */,
				63831BC82952E2FF00CB358E /* BackgroundMusic.wav */,
				63831BC92952E2FF00CB358E /* SoundEffectOnSound.wav */,
				63831BCA2952E2FF00CB358E /* GetItemSound.wav */,
				63831BCB2952E2FF00CB358E /* GameOnSound.wav */,
			);
			name = Sounds;
			path = "../../../../../Library/Mobile Documents/com~apple~CloudDocs/Complier/Sound/Sounds";
			sourceTree = "<group>";
		};
		638D9B2D292B93070024E821 /* Model */ = {
			isa = PBXGroup;
			children = (
				6FBFE15229390D9200A1927D /* Sound.swift */,
				638D9B2E292B93260024E821 /* Quest.swift */,
				6F5D4AB3292CA69C00572DC0 /* Stage.swift */,
				639553FB2935B49300E3DECA /* Setting.swift */,
				639553FD2935B50200E3DECA /* PlayerSkin.swift */,
			);
			path = Model;
			sourceTree = "<group>";
		};
		63966059292344B00002E6B2 /* Setting */ = {
			isa = PBXGroup;
			children = (
				6396605329233D3E0002E6B2 /* SettingView.swift */,
				6396605129233CD30002E6B2 /* SettingView.xib */,
			);
			path = Setting;
			sourceTree = "<group>";
		};
		6F110C7728F6971900F75C13 /* Fonts */ = {
			isa = PBXGroup;
			children = (
				6FB2319E28F7E6E8002F814D /* BMJUA_otf.otf */,
			);
			path = Fonts;
			sourceTree = "<group>";
		};
		6F28EE8F28F5444500D7330F = {
			isa = PBXGroup;
			children = (
				6F28EE9428F5444500D7330F /* DeliveryRun Shared */,
				6F28EE9F28F5444600D7330F /* DeliveryRun iOS */,
				6F28EE9E28F5444600D7330F /* Products */,
			);
			sourceTree = "<group>";
		};
		6F28EE9428F5444500D7330F /* DeliveryRun Shared */ = {
			isa = PBXGroup;
			children = (
				63D689E42906E4BF001748CE /* SpriteDocument */,
				6F28EE9528F5444500D7330F /* Actions.sks */,
				6F67B4EF29012B2C0016106A /* BackgroundTileSet.sks */,
				6F725CFE293F21D900971BCC /* Stages */,
				6F28EE9728F5444500D7330F /* GameScene.swift */,
				6372509328FFC7F700117CF8 /* PlayerState.swift */,
				6FE9943C29123850004753BA /* HUD.swift */,
				6FA60FAD28F69423003846EF /* Style */,
				6F28EE9828F5444600D7330F /* Assets.xcassets */,
			);
			path = "DeliveryRun Shared";
			sourceTree = "<group>";
		};
		6F28EE9E28F5444600D7330F /* Products */ = {
			isa = PBXGroup;
			children = (
				6F28EE9D28F5444600D7330F /* DeliveryRun.app */,
			);
			name = Products;
			sourceTree = "<group>";
		};
		6F28EE9F28F5444600D7330F /* DeliveryRun iOS */ = {
			isa = PBXGroup;
			children = (
				6F110C7A28F697F500F75C13 /* DeliveryRun-iOS-Info.plist */,
				639553FF2935BC8D00E3DECA /* UserDafultData.swift */,
				638D9B2D292B93070024E821 /* Model */,
				637DB201293CE8BC007B755C /* Garage */,
				6FF3371929309A3600D04BDB /* Quest */,
				6F5089A3292B602300B26623 /* Stage */,
				63966059292344B00002E6B2 /* Setting */,
				6F965E13293919420048334B /* Game */,
				6F28EEA028F5444600D7330F /* AppDelegate.swift */,
				6F965E14293919640048334B /* Custom.swift */,
				6F28EEA228F5444600D7330F /* RobbyViewController.swift */,
				6F28EEA428F5444600D7330F /* Robby.storyboard */,
				6F28EEA728F5444600D7330F /* LaunchScreen.storyboard */,
				6396605A2923633E0002E6B2 /* UIkitDocument */,
			);
			path = "DeliveryRun iOS";
			sourceTree = "<group>";
		};
		6F5089A3292B602300B26623 /* Stage */ = {
			isa = PBXGroup;
			children = (
				6F2F6C1F28FB3A9B000B9507 /* StageViewController.swift */,
				6F2E1D992924BB2500CAE76E /* StageCell.swift */,
				6F4B8BD3291E26D5000990EA /* Stage.storyboard */,
			);
			path = Stage;
			sourceTree = "<group>";
		};
		6F725CFE293F21D900971BCC /* Stages */ = {
			isa = PBXGroup;
			children = (
				6F28EE9628F5444500D7330F /* Stage1.sks */,
				6F725CFF293F21FE00971BCC /* Stage1.swift */,
				6FB79CBA293F326600823407 /* Stage2.sks */,
				6FB79CB8293F322A00823407 /* Stage2.swift */,
				6FB1167F2945E18700D1E604 /* Stage3.sks */,
				6FB116792945E14A00D1E604 /* Stage3.swift */,
				6FB116812945E19600D1E604 /* Stage4.sks */,
				6FB1167B2945E15100D1E604 /* Stage4.swift */,
				6FB116832945E1A200D1E604 /* Stage5.sks */,
				6FB1167D2945E15A00D1E604 /* Stage5.swift */,
			);
			path = Stages;
			sourceTree = "<group>";
		};
		6F965E13293919420048334B /* Game */ = {
			isa = PBXGroup;
			children = (
				63DC0EAA28F5863100B145B9 /* GameViewController.swift */,
				6F4B8BD7291E2E99000990EA /* Game.storyboard */,
			);
			path = Game;
			sourceTree = "<group>";
		};
		6FA60FAD28F69423003846EF /* Style */ = {
			isa = PBXGroup;
			children = (
				63831BC32952E2FF00CB358E /* Sounds */,
				6F110C7728F6971900F75C13 /* Fonts */,
				6FA60FAE28F69431003846EF /* Color.swift */,
			);
			path = Style;
			sourceTree = "<group>";
		};
		6FF3371929309A3600D04BDB /* Quest */ = {
			isa = PBXGroup;
			children = (
				6FF3371A29309CC700D04BDB /* QuestView.swift */,
				6FF3371C29309CD700D04BDB /* QuestView.xib */,
				638D9B29292B46750024E821 /* QuestTableCell.swift */,
				638D9B2A292B46750024E821 /* QuestTableCell.xib */,
			);
			path = Quest;
			sourceTree = "<group>";
		};
/* End PBXGroup section */

/* Begin PBXNativeTarget section */
		6F28EE9C28F5444600D7330F /* DeliveryRun iOS */ = {
			isa = PBXNativeTarget;
			buildConfigurationList = 6F28EEB028F5444600D7330F /* Build configuration list for PBXNativeTarget "DeliveryRun iOS" */;
			buildPhases = (
				6F28EE9928F5444600D7330F /* Sources */,
				6F28EE9A28F5444600D7330F /* Frameworks */,
				6F28EE9B28F5444600D7330F /* Resources */,
			);
			buildRules = (
			);
			dependencies = (
			);
			name = "DeliveryRun iOS";
			productName = "DeliveryRun iOS";
			productReference = 6F28EE9D28F5444600D7330F /* DeliveryRun.app */;
			productType = "com.apple.product-type.application";
		};
/* End PBXNativeTarget section */

/* Begin PBXProject section */
		6F28EE9028F5444500D7330F /* Project object */ = {
			isa = PBXProject;
			attributes = {
				BuildIndependentTargetsInParallel = 1;
				LastSwiftUpdateCheck = 1400;
				LastUpgradeCheck = 1410;
				TargetAttributes = {
					6F28EE9C28F5444600D7330F = {
						CreatedOnToolsVersion = 14.0.1;
					};
				};
			};
			buildConfigurationList = 6F28EE9328F5444500D7330F /* Build configuration list for PBXProject "DeliveryRun" */;
			compatibilityVersion = "Xcode 14.0";
			developmentRegion = en;
			hasScannedForEncodings = 0;
			knownRegions = (
				en,
				Base,
			);
			mainGroup = 6F28EE8F28F5444500D7330F;
			productRefGroup = 6F28EE9E28F5444600D7330F /* Products */;
			projectDirPath = "";
			projectRoot = "";
			targets = (
				6F28EE9C28F5444600D7330F /* DeliveryRun iOS */,
			);
		};
/* End PBXProject section */

/* Begin PBXResourcesBuildPhase section */
		6F28EE9B28F5444600D7330F /* Resources */ = {
			isa = PBXResourcesBuildPhase;
			buildActionMask = 2147483647;
			files = (
				6396605B2923633E0002E6B2 /* UIkitDocument in Resources */,
				6FB116822945E19600D1E604 /* Stage4.sks in Resources */,
				6F4B8BD4291E26D5000990EA /* Stage.storyboard in Resources */,
				6F67B4F029012B2C0016106A /* BackgroundTileSet.sks in Resources */,
				63831BD12952E2FF00CB358E /* SoundEffectOnSound.wav in Resources */,
				6FB79CBB293F326600823407 /* Stage2.sks in Resources */,
				637DB203293CEA2C007B755C /* Garage.storyboard in Resources */,
				63831BD22952E2FF00CB358E /* GetItemSound.wav in Resources */,
				6FB116842945E1A200D1E604 /* Stage5.sks in Resources */,
				6F28EEAB28F5444600D7330F /* Stage1.sks in Resources */,
				6FB2319F28F7E6E8002F814D /* BMJUA_otf.otf in Resources */,
				6F28EEA628F5444600D7330F /* Robby.storyboard in Resources */,
				6FB116802945E18700D1E604 /* Stage3.sks in Resources */,
				6F4B8BD8291E2E99000990EA /* Game.storyboard in Resources */,
				63831BCD2952E2FF00CB358E /* ButtonSound.wav in Resources */,
				63831BD32952E2FF00CB358E /* GameOnSound.wav in Resources */,
				638D9B2C292B46750024E821 /* QuestTableCell.xib in Resources */,
				63D689E52906E4BF001748CE /* SpriteDocument in Resources */,
				637DB209293CF5D1007B755C /* PlayerCollectionCell.xib in Resources */,
				63831BD02952E2FF00CB358E /* BackgroundMusic.wav in Resources */,
				63831BCC2952E2FF00CB358E /* RewardSound.wav in Resources */,
				6396605229233CD30002E6B2 /* SettingView.xib in Resources */,
				63831BCE2952E2FF00CB358E /* InGameMusic.wav in Resources */,
				6F28EEAA28F5444600D7330F /* Actions.sks in Resources */,
				6FF3371D29309CD700D04BDB /* QuestView.xib in Resources */,
				6F28EEA928F5444600D7330F /* LaunchScreen.storyboard in Resources */,
				63831BCF2952E2FF00CB358E /* ArrivalSound.wav in Resources */,
				6F28EEAD28F5444600D7330F /* Assets.xcassets in Resources */,
			);
			runOnlyForDeploymentPostprocessing = 0;
		};
/* End PBXResourcesBuildPhase section */

/* Begin PBXSourcesBuildPhase section */
		6F28EE9928F5444600D7330F /* Sources */ = {
			isa = PBXSourcesBuildPhase;
			buildActionMask = 2147483647;
			files = (
				638D9B2F292B93260024E821 /* Quest.swift in Sources */,
				639553FE2935B50200E3DECA /* PlayerSkin.swift in Sources */,
				63DC0EAB28F5863100B145B9 /* GameViewController.swift in Sources */,
				6F28EEAC28F5444600D7330F /* GameScene.swift in Sources */,
				6372509428FFC7F700117CF8 /* PlayerState.swift in Sources */,
				6F28EEA328F5444600D7330F /* RobbyViewController.swift in Sources */,
				6F2F6C2028FB3A9B000B9507 /* StageViewController.swift in Sources */,
				6FF3371B29309CC700D04BDB /* QuestView.swift in Sources */,
				6FA60FAF28F69431003846EF /* Color.swift in Sources */,
				638D9B2B292B46750024E821 /* QuestTableCell.swift in Sources */,
				6FE9943D29123850004753BA /* HUD.swift in Sources */,
				6F5D4AB4292CA69C00572DC0 /* Stage.swift in Sources */,
				6FB1167E2945E15A00D1E604 /* Stage5.swift in Sources */,
				6FB79CB9293F322A00823407 /* Stage2.swift in Sources */,
				6F725D00293F21FE00971BCC /* Stage1.swift in Sources */,
				6FBFE15329390D9200A1927D /* Sound.swift in Sources */,
				6F2E1D9A2924BB2500CAE76E /* StageCell.swift in Sources */,
				6F28EEA128F5444600D7330F /* AppDelegate.swift in Sources */,
				637DB208293CF5D1007B755C /* PlayerCollectionCell.swift in Sources */,
				6F965E15293919640048334B /* Custom.swift in Sources */,
				637DB205293CEA3E007B755C /* GarageViewController.swift in Sources */,
				639553FC2935B49300E3DECA /* Setting.swift in Sources */,
				639554002935BC8D00E3DECA /* UserDafultData.swift in Sources */,
				6FB1167A2945E14A00D1E604 /* Stage3.swift in Sources */,
				6FB1167C2945E15100D1E604 /* Stage4.swift in Sources */,
				6396605429233D3E0002E6B2 /* SettingView.swift in Sources */,
			);
			runOnlyForDeploymentPostprocessing = 0;
		};
/* End PBXSourcesBuildPhase section */

/* Begin PBXVariantGroup section */
		6F28EEA428F5444600D7330F /* Robby.storyboard */ = {
			isa = PBXVariantGroup;
			children = (
				6F28EEA528F5444600D7330F /* Base */,
			);
			name = Robby.storyboard;
			sourceTree = "<group>";
		};
		6F28EEA728F5444600D7330F /* LaunchScreen.storyboard */ = {
			isa = PBXVariantGroup;
			children = (
				6F28EEA828F5444600D7330F /* Base */,
			);
			name = LaunchScreen.storyboard;
			sourceTree = "<group>";
		};
/* End PBXVariantGroup section */

/* Begin XCBuildConfiguration section */
		6F28EEAE28F5444600D7330F /* Debug */ = {
			isa = XCBuildConfiguration;
			buildSettings = {
				ALWAYS_SEARCH_USER_PATHS = NO;
				CLANG_ANALYZER_NONNULL = YES;
				CLANG_ANALYZER_NUMBER_OBJECT_CONVERSION = YES_AGGRESSIVE;
				CLANG_CXX_LANGUAGE_STANDARD = "gnu++20";
				CLANG_ENABLE_MODULES = YES;
				CLANG_ENABLE_OBJC_ARC = YES;
				CLANG_ENABLE_OBJC_WEAK = YES;
				CLANG_WARN_BLOCK_CAPTURE_AUTORELEASING = YES;
				CLANG_WARN_BOOL_CONVERSION = YES;
				CLANG_WARN_COMMA = YES;
				CLANG_WARN_CONSTANT_CONVERSION = YES;
				CLANG_WARN_DEPRECATED_OBJC_IMPLEMENTATIONS = YES;
				CLANG_WARN_DIRECT_OBJC_ISA_USAGE = YES_ERROR;
				CLANG_WARN_DOCUMENTATION_COMMENTS = YES;
				CLANG_WARN_EMPTY_BODY = YES;
				CLANG_WARN_ENUM_CONVERSION = YES;
				CLANG_WARN_INFINITE_RECURSION = YES;
				CLANG_WARN_INT_CONVERSION = YES;
				CLANG_WARN_NON_LITERAL_NULL_CONVERSION = YES;
				CLANG_WARN_OBJC_IMPLICIT_RETAIN_SELF = YES;
				CLANG_WARN_OBJC_LITERAL_CONVERSION = YES;
				CLANG_WARN_OBJC_ROOT_CLASS = YES_ERROR;
				CLANG_WARN_QUOTED_INCLUDE_IN_FRAMEWORK_HEADER = YES;
				CLANG_WARN_RANGE_LOOP_ANALYSIS = YES;
				CLANG_WARN_STRICT_PROTOTYPES = YES;
				CLANG_WARN_SUSPICIOUS_MOVE = YES;
				CLANG_WARN_UNGUARDED_AVAILABILITY = YES_AGGRESSIVE;
				CLANG_WARN_UNREACHABLE_CODE = YES;
				CLANG_WARN__DUPLICATE_METHOD_MATCH = YES;
				COPY_PHASE_STRIP = NO;
				DEAD_CODE_STRIPPING = YES;
				DEBUG_INFORMATION_FORMAT = dwarf;
				ENABLE_STRICT_OBJC_MSGSEND = YES;
				ENABLE_TESTABILITY = YES;
				GCC_C_LANGUAGE_STANDARD = gnu11;
				GCC_DYNAMIC_NO_PIC = NO;
				GCC_NO_COMMON_BLOCKS = YES;
				GCC_OPTIMIZATION_LEVEL = 0;
				GCC_PREPROCESSOR_DEFINITIONS = (
					"DEBUG=1",
					"$(inherited)",
				);
				GCC_WARN_64_TO_32_BIT_CONVERSION = YES;
				GCC_WARN_ABOUT_RETURN_TYPE = YES_ERROR;
				GCC_WARN_UNDECLARED_SELECTOR = YES;
				GCC_WARN_UNINITIALIZED_AUTOS = YES_AGGRESSIVE;
				GCC_WARN_UNUSED_FUNCTION = YES;
				GCC_WARN_UNUSED_VARIABLE = YES;
				IPHONEOS_DEPLOYMENT_TARGET = 16.0;
				MTL_ENABLE_DEBUG_INFO = INCLUDE_SOURCE;
				MTL_FAST_MATH = YES;
				ONLY_ACTIVE_ARCH = YES;
				SWIFT_ACTIVE_COMPILATION_CONDITIONS = DEBUG;
				SWIFT_OPTIMIZATION_LEVEL = "-Onone";
			};
			name = Debug;
		};
		6F28EEAF28F5444600D7330F /* Release */ = {
			isa = XCBuildConfiguration;
			buildSettings = {
				ALWAYS_SEARCH_USER_PATHS = NO;
				CLANG_ANALYZER_NONNULL = YES;
				CLANG_ANALYZER_NUMBER_OBJECT_CONVERSION = YES_AGGRESSIVE;
				CLANG_CXX_LANGUAGE_STANDARD = "gnu++20";
				CLANG_ENABLE_MODULES = YES;
				CLANG_ENABLE_OBJC_ARC = YES;
				CLANG_ENABLE_OBJC_WEAK = YES;
				CLANG_WARN_BLOCK_CAPTURE_AUTORELEASING = YES;
				CLANG_WARN_BOOL_CONVERSION = YES;
				CLANG_WARN_COMMA = YES;
				CLANG_WARN_CONSTANT_CONVERSION = YES;
				CLANG_WARN_DEPRECATED_OBJC_IMPLEMENTATIONS = YES;
				CLANG_WARN_DIRECT_OBJC_ISA_USAGE = YES_ERROR;
				CLANG_WARN_DOCUMENTATION_COMMENTS = YES;
				CLANG_WARN_EMPTY_BODY = YES;
				CLANG_WARN_ENUM_CONVERSION = YES;
				CLANG_WARN_INFINITE_RECURSION = YES;
				CLANG_WARN_INT_CONVERSION = YES;
				CLANG_WARN_NON_LITERAL_NULL_CONVERSION = YES;
				CLANG_WARN_OBJC_IMPLICIT_RETAIN_SELF = YES;
				CLANG_WARN_OBJC_LITERAL_CONVERSION = YES;
				CLANG_WARN_OBJC_ROOT_CLASS = YES_ERROR;
				CLANG_WARN_QUOTED_INCLUDE_IN_FRAMEWORK_HEADER = YES;
				CLANG_WARN_RANGE_LOOP_ANALYSIS = YES;
				CLANG_WARN_STRICT_PROTOTYPES = YES;
				CLANG_WARN_SUSPICIOUS_MOVE = YES;
				CLANG_WARN_UNGUARDED_AVAILABILITY = YES_AGGRESSIVE;
				CLANG_WARN_UNREACHABLE_CODE = YES;
				CLANG_WARN__DUPLICATE_METHOD_MATCH = YES;
				COPY_PHASE_STRIP = NO;
				DEAD_CODE_STRIPPING = YES;
				DEBUG_INFORMATION_FORMAT = "dwarf-with-dsym";
				ENABLE_NS_ASSERTIONS = NO;
				ENABLE_STRICT_OBJC_MSGSEND = YES;
				GCC_C_LANGUAGE_STANDARD = gnu11;
				GCC_NO_COMMON_BLOCKS = YES;
				GCC_WARN_64_TO_32_BIT_CONVERSION = YES;
				GCC_WARN_ABOUT_RETURN_TYPE = YES_ERROR;
				GCC_WARN_UNDECLARED_SELECTOR = YES;
				GCC_WARN_UNINITIALIZED_AUTOS = YES_AGGRESSIVE;
				GCC_WARN_UNUSED_FUNCTION = YES;
				GCC_WARN_UNUSED_VARIABLE = YES;
				IPHONEOS_DEPLOYMENT_TARGET = 16.0;
				MTL_ENABLE_DEBUG_INFO = NO;
				MTL_FAST_MATH = YES;
				SWIFT_COMPILATION_MODE = wholemodule;
				SWIFT_OPTIMIZATION_LEVEL = "-O";
			};
			name = Release;
		};
		6F28EEB128F5444600D7330F /* Debug */ = {
			isa = XCBuildConfiguration;
			buildSettings = {
				ASSETCATALOG_COMPILER_APPICON_NAME = AppIcon;
				ASSETCATALOG_COMPILER_GLOBAL_ACCENT_COLOR_NAME = AccentColor;
				CODE_SIGN_STYLE = Automatic;
				CURRENT_PROJECT_VERSION = 1;
				DEVELOPMENT_TEAM = 2K43262B89;
				GENERATE_INFOPLIST_FILE = YES;
				INFOPLIST_FILE = "DeliveryRun-iOS-Info.plist";
				INFOPLIST_KEY_UIApplicationSupportsIndirectInputEvents = YES;
				INFOPLIST_KEY_UILaunchStoryboardName = LaunchScreen;
				INFOPLIST_KEY_UIMainStoryboardFile = Robby;
				INFOPLIST_KEY_UIRequiresFullScreen = YES;
				INFOPLIST_KEY_UIStatusBarHidden = YES;
				INFOPLIST_KEY_UIStatusBarStyle = "";
				INFOPLIST_KEY_UISupportedInterfaceOrientations = "UIInterfaceOrientationLandscapeLeft UIInterfaceOrientationLandscapeRight";
				IPHONEOS_DEPLOYMENT_TARGET = 15.0;
				LD_RUNPATH_SEARCH_PATHS = (
					"$(inherited)",
					"@executable_path/Frameworks",
				);
				MARKETING_VERSION = 1.0;
				PRODUCT_BUNDLE_IDENTIFIER = com.compiler.DeliveryRun;
				PRODUCT_NAME = DeliveryRun;
				SDKROOT = iphoneos;
				SWIFT_EMIT_LOC_STRINGS = YES;
				SWIFT_VERSION = 5.0;
				TARGETED_DEVICE_FAMILY = "1,2";
			};
			name = Debug;
		};
		6F28EEB228F5444600D7330F /* Release */ = {
			isa = XCBuildConfiguration;
			buildSettings = {
				ASSETCATALOG_COMPILER_APPICON_NAME = AppIcon;
				ASSETCATALOG_COMPILER_GLOBAL_ACCENT_COLOR_NAME = AccentColor;
				CODE_SIGN_STYLE = Automatic;
				CURRENT_PROJECT_VERSION = 1;
				DEVELOPMENT_TEAM = 2K43262B89;
				GENERATE_INFOPLIST_FILE = YES;
				INFOPLIST_FILE = "DeliveryRun-iOS-Info.plist";
				INFOPLIST_KEY_UIApplicationSupportsIndirectInputEvents = YES;
				INFOPLIST_KEY_UILaunchStoryboardName = LaunchScreen;
				INFOPLIST_KEY_UIMainStoryboardFile = Robby;
				INFOPLIST_KEY_UIRequiresFullScreen = YES;
				INFOPLIST_KEY_UIStatusBarHidden = YES;
				INFOPLIST_KEY_UIStatusBarStyle = "";
				INFOPLIST_KEY_UISupportedInterfaceOrientations = "UIInterfaceOrientationLandscapeLeft UIInterfaceOrientationLandscapeRight";
				IPHONEOS_DEPLOYMENT_TARGET = 15.0;
				LD_RUNPATH_SEARCH_PATHS = (
					"$(inherited)",
					"@executable_path/Frameworks",
				);
				MARKETING_VERSION = 1.0;
				PRODUCT_BUNDLE_IDENTIFIER = com.compiler.DeliveryRun;
				PRODUCT_NAME = DeliveryRun;
				SDKROOT = iphoneos;
				SWIFT_EMIT_LOC_STRINGS = YES;
				SWIFT_VERSION = 5.0;
				TARGETED_DEVICE_FAMILY = "1,2";
				VALIDATE_PRODUCT = YES;
			};
			name = Release;
		};
/* End XCBuildConfiguration section */

/* Begin XCConfigurationList section */
		6F28EE9328F5444500D7330F /* Build configuration list for PBXProject "DeliveryRun" */ = {
			isa = XCConfigurationList;
			buildConfigurations = (
				6F28EEAE28F5444600D7330F /* Debug */,
				6F28EEAF28F5444600D7330F /* Release */,
			);
			defaultConfigurationIsVisible = 0;
			defaultConfigurationName = Release;
		};
		6F28EEB028F5444600D7330F /* Build configuration list for PBXNativeTarget "DeliveryRun iOS" */ = {
			isa = XCConfigurationList;
			buildConfigurations = (
				6F28EEB128F5444600D7330F /* Debug */,
				6F28EEB228F5444600D7330F /* Release */,
			);
			defaultConfigurationIsVisible = 0;
			defaultConfigurationName = Release;
		};
/* End XCConfigurationList section */
	};
	rootObject = 6F28EE9028F5444500D7330F /* Project object */;
}
